Microsoft Visual Studio Solution File, Format Version 12.00
# Visual Studio 15
VisualStudioVersion = 15.0.27004.2005
MinimumVisualStudioVersion = 10.0.40219.1
Project("{9A19103F-16F7-4668-BE54-9A1E7A4F7556}") = "Coursera.Patterns.UnitTest", "Coursera.Patterns.UnitTest\Coursera.Patterns.UnitTest.csproj", "{8AE32237-6FA9-402F-BDD6-61DE3B85B901}"
EndProject
Project("{9A19103F-16F7-4668-BE54-9A1E7A4F7556}") = "Coursera.Patterns", "Coursera.Patterns\Coursera.Patterns.csproj", "{C0C00F6F-5DBB-4C6A-A4E9-0D717FCE4A32}"
EndProject
Global
	GlobalSection(SolutionConfigurationPlatforms) = preSolution
		Debug|Any CPU = Debug|Any CPU
		Debug|x64 = Debug|x64
		Debug|x86 = Debug|x86
		Release|Any CPU = Release|Any CPU
		Release|x64 = Release|x64
		Release|x86 = Release|x86
	EndGlobalSection
	GlobalSection(ProjectConfigurationPlatforms) = postSolution
		{8AE32237-6FA9-402F-BDD6-61DE3B85B901}.Debug|Any CPU.ActiveCfg = Debug|Any CPU
		{8AE32237-6FA9-402F-BDD6-61DE3B85B901}.Debug|Any CPU.Build.0 = Debug|Any CPU
		{8AE32237-6FA9-402F-BDD6-61DE3B85B901}.Debug|x64.ActiveCfg = Debug|Any CPU
		{8AE32237-6FA9-402F-BDD6-61DE3B85B901}.Debug|x64.Build.0 = Debug|Any CPU
		{8AE32237-6FA9-402F-BDD6-61DE3B85B901}.Debug|x86.ActiveCfg = Debug|Any CPU
		{8AE32237-6FA9-402F-BDD6-61DE3B85B901}.Debug|x86.Build.0 = Debug|Any CPU
		{8AE32237-6FA9-402F-BDD6-61DE3B85B901}.Release|Any CPU.ActiveCfg = Release|Any CPU
		{8AE32237-6FA9-402F-BDD6-61DE3B85B901}.Release|Any CPU.Build.0 = Release|Any CPU
		{8AE32237-6FA9-402F-BDD6-61DE3B85B901}.Release|x64.ActiveCfg = Release|Any CPU
		{8AE32237-6FA9-402F-BDD6-61DE3B85B901}.Release|x64.Build.0 = Release|Any CPU
		{8AE32237-6FA9-402F-BDD6-61DE3B85B901}.Release|x86.ActiveCfg = Release|Any CPU
		{8AE32237-6FA9-402F-BDD6-61DE3B85B901}.Release|x86.Build.0 = Release|Any CPU
		{C0C00F6F-5DBB-4C6A-A4E9-0D717FCE4A32}.Debug|Any CPU.ActiveCfg = Debug|Any CPU
		{C0C00F6F-5DBB-4C6A-A4E9-0D717FCE4A32}.Debug|Any CPU.Build.0 = Debug|Any CPU
		{C0C00F6F-5DBB-4C6A-A4E9-0D717FCE4A32}.Debug|x64.ActiveCfg = Debug|Any CPU
		{C0C00F6F-5DBB-4C6A-A4E9-0D717FCE4A32}.Debug|x64.Build.0 = Debug|Any CPU
		{C0C00F6F-5DBB-4C6A-A4E9-0D717FCE4A32}.Debug|x86.ActiveCfg = Debug|Any CPU
		{C0C00F6F-5DBB-4C6A-A4E9-0D717FCE4A32}.Debug|x86.Build.0 = Debug|Any CPU
		{C0C00F6F-5DBB-4C6A-A4E9-0D717FCE4A32}.Release|Any CPU.ActiveCfg = Release|Any CPU
		{C0C00F6F-5DBB-4C6A-A4E9-0D717FCE4A32}.Release|Any CPU.Build.0 = Release|Any CPU
		{C0C00F6F-5DBB-4C6A-A4E9-0D717FCE4A32}.Release|x64.ActiveCfg = Release|Any CPU
		{C0C00F6F-5DBB-4C6A-A4E9-0D717FCE4A32}.Release|x64.Build.0 = Release|Any CPU
		{C0C00F6F-5DBB-4C6A-A4E9-0D717FCE4A32}.Release|x86.ActiveCfg = Release|Any CPU
		{C0C00F6F-5DBB-4C6A-A4E9-0D717FCE4A32}.Release|x86.Build.0 = Release|Any CPU
	EndGlobalSection
	GlobalSection(SolutionProperties) = preSolution
		HideSolutionNode = FALSE
	EndGlobalSection
	GlobalSection(ExtensibilityGlobals) = postSolution
		SolutionGuid = {06E6FDB1-D903-4E6B-8D0E-4855F7D87BD6}
	EndGlobalSection
EndGlobal
